{
  "lockfileVersion": 1,
  "configVersion": 1,
  "workspaces": {
    "": {
      "name": "decorator-toolkit",
      "devDependencies": {
        "@types/bun": "^1.3.11",
        "@types/node": "^24.11.1",
        "dprint": "~0.52.0",
        "typescript": "~5.9.3",
      },
    },
  },
  "packages": {
    "@dprint/darwin-arm64": ["@dprint/darwin-arm64@0.52.0", "", { "os": "darwin", "cpu": "arm64" }, "sha512-HHpmHCeFw1V9qUU0pJrz7LihrMgQJ5DOejfI3GRCJOd2ue3Api3/ZrzNSIqUbnx/j0RT5c7zxZR5aTE0RHwRFQ=="],

    "@dprint/darwin-x64": ["@dprint/darwin-x64@0.52.0", "", { "os": "darwin", "cpu": "x64" }, "sha512-ZuoYH/hyzFhwwFUmykkm1QvLk9u7zxpKL6M8r1fY+lINucujIoGZxW1PjRbbIXaST6nDLbQB21P7LyNncAByOg=="],

    "@dprint/linux-arm64-glibc": ["@dprint/linux-arm64-glibc@0.52.0", "", { "os": "linux", "cpu": "arm64" }, "sha512-waghQcB32CLMuCxnVRQktc7U1S2qsL4spUmvCMyu4ufhZqXf4rQn07L1NcSmQOap40q9Db8ZBmLHfHm1Kab6uA=="],

    "@dprint/linux-arm64-musl": ["@dprint/linux-arm64-musl@0.52.0", "", { "os": "linux", "cpu": "arm64" }, "sha512-8ml2DmF8i7eEou1G5nqgMMhRir89Fsd9cMLZRPZN/FSw6Nc3vAhk2MqZIrYk2DGfoWts7jis6XvEu3/TwMP8fw=="],

    "@dprint/linux-loong64-glibc": ["@dprint/linux-loong64-glibc@0.52.0", "", { "os": "linux", "cpu": "none" }, "sha512-tKj7Bwtcf/zNa1onoshYfQ8CaYz0N6BRYKsovop1H1d2dsRBYAKkR/FvTaPRJp1+Sx7Lc0RjRllFezkhLMRxPw=="],

    "@dprint/linux-loong64-musl": ["@dprint/linux-loong64-musl@0.52.0", "", { "os": "linux", "cpu": "none" }, "sha512-8X+ICN/Pc4B+Zog2UXNDJph5uKLf0VVUItYEQbdbwqsWGzPa27Kqri5ainlFzaDs5TFkJHQKQlphg+TLyxBQ7A=="],

    "@dprint/linux-riscv64-glibc": ["@dprint/linux-riscv64-glibc@0.52.0", "", { "os": "linux", "cpu": "none" }, "sha512-uQb2VqSnznfZHhrAKLxpjXMc7/c3AYepllVUhcGCdrTVp1fb7inHEilT2wSXUjOipBbfPG33cZWRzAgc5/Effg=="],

    "@dprint/linux-x64-glibc": ["@dprint/linux-x64-glibc@0.52.0", "", { "os": "linux", "cpu": "x64" }, "sha512-Yh3fZYUcHmII+swTUh0qgf0lEPrz4+7v3tq+vqXR8/xa3Sx8QH5MQJsJDw8Ll1mmKX5HrkBNxA5rC1lIDuFn9g=="],

    "@dprint/linux-x64-musl": ["@dprint/linux-x64-musl@0.52.0", "", { "os": "linux", "cpu": "x64" }, "sha512-zdcgL6+PRjyZ4HVll9DuIn2ZnnxKuU0cwXtpfUZNdy+xRh1+OedUY5aZQRDN4163vkLxV9znXQT/TS0+giph1g=="],

    "@dprint/win32-arm64": ["@dprint/win32-arm64@0.52.0", "", { "os": "win32", "cpu": "arm64" }, "sha512-rQGhSbl2pcnU4Tl3xXJSPRi1smfIIf7XhVwzNOG7vcSExfcK8yYrrCS3z4VImYKqhI1kvv6gSfnIligtoyaX/g=="],

    "@dprint/win32-x64": ["@dprint/win32-x64@0.52.0", "", { "os": "win32", "cpu": "x64" }, "sha512-Bi4kW6z9eVtRdNSztSvjjYET4SQzX/OYqsexVyppxv24m5RNOG1h+c9F5MFJpYy9LqQBAKHOQfkzQwPrdgNOXQ=="],

    "@types/bun": ["@types/bun@1.3.11", "", { "dependencies": { "bun-types": "1.3.11" } }, "sha512-5vPne5QvtpjGpsGYXiFyycfpDF2ECyPcTSsFBMa0fraoxiQyMJ3SmuQIGhzPg2WJuWxVBoxWJ2kClYTcw/4fAg=="],

    "@types/node": ["@types/node@24.12.0", "", { "dependencies": { "undici-types": "~7.16.0" } }, "sha512-GYDxsZi3ChgmckRT9HPU0WEhKLP08ev/Yfcq2AstjrDASOYCSXeyjDsHg4v5t4jOj7cyDX3vmprafKlWIG9MXQ=="],

    "bun-types": ["bun-types@1.3.11", "", { "dependencies": { "@types/node": "*" } }, "sha512-1KGPpoxQWl9f6wcZh57LvrPIInQMn2TQ7jsgxqpRzg+l0QPOFvJVH7HmvHo/AiPgwXy+/Thf6Ov3EdVn1vOabg=="],

    "dprint": ["dprint@0.52.0", "", { "optionalDependencies": { "@dprint/darwin-arm64": "0.52.0", "@dprint/darwin-x64": "0.52.0", "@dprint/linux-arm64-glibc": "0.52.0", "@dprint/linux-arm64-musl": "0.52.0", "@dprint/linux-loong64-glibc": "0.52.0", "@dprint/linux-loong64-musl": "0.52.0", "@dprint/linux-riscv64-glibc": "0.52.0", "@dprint/linux-x64-glibc": "0.52.0", "@dprint/linux-x64-musl": "0.52.0", "@dprint/win32-arm64": "0.52.0", "@dprint/win32-x64": "0.52.0" }, "bin": { "dprint": "bin.js" } }, "sha512-qXf3B6/G4E6SJKngfo7a0z1ja21o/JJ55cF8xyhyIqvJGrpJ96vhXLr37RrbWBWIj8eV+hquBkCAV6jCwenQYA=="],

    "typescript": ["typescript@5.9.3", "", { "bin": { "tsc": "bin/tsc", "tsserver": "bin/tsserver" } }, "sha512-jl1vZzPDinLr9eUt3J/t7V6FgNEw9QjvBPdysz9KfQDD41fQrC2Y4vKQdiaUpFT4bXlb1RHhLpp8wtm6M5TgSw=="],

    "undici-types": ["undici-types@7.16.0", "", {}, "sha512-Zz+aZWSj8LE6zoxD+xrjh4VfkIG8Ya6LvYkZqtUQGJPZjYl53ypCaUwWqo7eI0x66KBGeRo+mlBEkMSeSZ38Nw=="],

    "bun-types/@types/node": ["@types/node@25.5.0", "", { "dependencies": { "undici-types": "~7.18.0" } }, "sha512-jp2P3tQMSxWugkCUKLRPVUpGaL5MVFwF8RDuSRztfwgN1wmqJeMSbKlnEtQqU8UrhTmzEmZdu2I6v2dpp7XIxw=="],

    "bun-types/@types/node/undici-types": ["undici-types@7.18.2", "", {}, "sha512-AsuCzffGHJybSaRrmr5eHr81mwJU3kjw6M+uprWvCXiNeN9SOGwQ3Jn8jb8m3Z6izVgknn1R0FTCEAP2QrLY/w=="],
  }
}
